
Microsoft Visual Studio Solution File, Format Version 12.00
# Visual Studio Version 16
VisualStudioVersion = 16.0.31624.102
MinimumVisualStudioVersion = 10.0.40219.1
Project("{FAE04EC0-301F-11D3-BF4B-00C04F79EFBC}") = "SanayiBaazarim", "SanayiBaazarim\SanayiBaazarim.csproj", "{DEF9092F-5370-43AE-BC08-C2663EBD7DAD}"
EndProject
Global
	GlobalSection(SolutionConfigurationPlatforms) = preSolution
		Debug|Any CPU = Debug|Any CPU
		Release|Any CPU = Release|Any CPU
	EndGlobalSection
	GlobalSection(ProjectConfigurationPlatforms) = postSolution
		{DEF9092F-5370-43AE-BC08-C2663EBD7DAD}.Debug|Any CPU.ActiveCfg = Debug|Any CPU
		{DEF9092F-5370-43AE-BC08-C2663EBD7DAD}.Debug|Any CPU.Build.0 = Debug|Any CPU
		{DEF9092F-5370-43AE-BC08-C2663EBD7DAD}.Release|Any CPU.ActiveCfg = Release|Any CPU
		{DEF9092F-5370-43AE-BC08-C2663EBD7DAD}.Release|Any CPU.Build.0 = Release|Any CPU
	EndGlobalSection
	GlobalSection(SolutionProperties) = preSolution
		HideSolutionNode = FALSE
	EndGlobalSection
	GlobalSection(ExtensibilityGlobals) = postSolution
		SolutionGuid = {69285894-A3EA-4297-AC65-3DDC64644BF6}
	EndGlobalSection
EndGlobal
